
Microsoft Visual Studio Solution File, Format Version 12.00
# Visual Studio Version 16
VisualStudioVersion = 16.0.32106.194
MinimumVisualStudioVersion = 10.0.40219.1
Project("{FAE04EC0-301F-11D3-BF4B-00C04F79EFBC}") = "SeriesOrganizer", "SeriesOrganizer\SeriesOrganizer.csproj", "{E579CD5C-1C37-45EA-AF6C-BB8841E414F6}"
EndProject
Global
	GlobalSection(SolutionConfigurationPlatforms) = preSolution
		Debug|Any CPU = Debug|Any CPU
		Release|Any CPU = Release|Any CPU
	EndGlobalSection
	GlobalSection(ProjectConfigurationPlatforms) = postSolution
		{E579CD5C-1C37-45EA-AF6C-BB8841E414F6}.Debug|Any CPU.ActiveCfg = Debug|Any CPU
		{E579CD5C-1C37-45EA-AF6C-BB8841E414F6}.Debug|Any CPU.Build.0 = Debug|Any CPU
		{E579CD5C-1C37-45EA-AF6C-BB8841E414F6}.Release|Any CPU.ActiveCfg = Release|Any CPU
		{E579CD5C-1C37-45EA-AF6C-BB8841E414F6}.Release|Any CPU.Build.0 = Release|Any CPU
	EndGlobalSection
	GlobalSection(SolutionProperties) = preSolution
		HideSolutionNode = FALSE
	EndGlobalSection
	GlobalSection(ExtensibilityGlobals) = postSolution
		SolutionGuid = {54633D1F-1BAE-41DE-BB23-E79A7DB4042B}
	EndGlobalSection
EndGlobal
